
Microsoft Visual Studio Solution File, Format Version 12.00
# Visual Studio Version 17
VisualStudioVersion = 17.1.32228.430
MinimumVisualStudioVersion = 10.0.40219.1
Project("{FAE04EC0-301F-11D3-BF4B-00C04F79EFBC}") = "classworktask11_25", "classworktask11_25\classworktask11_25.csproj", "{6C9B56E0-F230-42E9-A55B-E382E4CBE0B2}"
EndProject
Global
	GlobalSection(SolutionConfigurationPlatforms) = preSolution
		Debug|Any CPU = Debug|Any CPU
		Release|Any CPU = Release|Any CPU
	EndGlobalSection
	GlobalSection(ProjectConfigurationPlatforms) = postSolution
		{6C9B56E0-F230-42E9-A55B-E382E4CBE0B2}.Debug|Any CPU.ActiveCfg = Debug|Any CPU
		{6C9B56E0-F230-42E9-A55B-E382E4CBE0B2}.Debug|Any CPU.Build.0 = Debug|Any CPU
		{6C9B56E0-F230-42E9-A55B-E382E4CBE0B2}.Release|Any CPU.ActiveCfg = Release|Any CPU
		{6C9B56E0-F230-42E9-A55B-E382E4CBE0B2}.Release|Any CPU.Build.0 = Release|Any CPU
	EndGlobalSection
	GlobalSection(SolutionProperties) = preSolution
		HideSolutionNode = FALSE
	EndGlobalSection
	GlobalSection(ExtensibilityGlobals) = postSolution
		SolutionGuid = {76A88D7A-B7C6-45A0-8EE2-B32E3FE3CE5B}
	EndGlobalSection
EndGlobal
